lockfileVersion: '9.0'

settings:
  autoInstallPeers: true
  excludeLinksFromLockfile: false

importers:

  .:
    dependencies:
      slugify:
        specifier: ^1.6.6
        version: 1.6.9

packages:

  slugify@1.6.9:
    resolution: {integrity: sha512-vZ7rfeehZui7wQs438JXBckYLkIIdfHOXsaVEUMyS5fHo1483l1bMdo0EDSWYclY0yZKFOipDy4KHuKs6ssvdg==}
    engines: {node: '>=8.0.0'}

snapshots:

  slugify@1.6.9: {}
